
Microsoft Visual Studio Solution File, Format Version 12.00
# Visual Studio 15
VisualStudioVersion = 15.0.27703.2047
MinimumVisualStudioVersion = 10.0.40219.1
Project("{8BC9CEB8-8B4A-11D0-8D11-00A0C91BC942}") = "hmwrk1", "hmwrk1\hmwrk1.vcxproj", "{CF4978E2-6F34-40FE-85CC-2B3C3EADE87B}"
EndProject
Global
	GlobalSection(SolutionConfigurationPlatforms) = preSolution
		Debug|x64 = Debug|x64
		Debug|x86 = Debug|x86
		Release|x64 = Release|x64
		Release|x86 = Release|x86
	EndGlobalSection
	GlobalSection(ProjectConfigurationPlatforms) = postSolution
		{CF4978E2-6F34-40FE-85CC-2B3C3EADE87B}.Debug|x64.ActiveCfg = Debug|x64
		{CF4978E2-6F34-40FE-85CC-2B3C3EADE87B}.Debug|x64.Build.0 = Debug|x64
		{CF4978E2-6F34-40FE-85CC-2B3C3EADE87B}.Debug|x86.ActiveCfg = Debug|Win32
		{CF4978E2-6F34-40FE-85CC-2B3C3EADE87B}.Debug|x86.Build.0 = Debug|Win32
		{CF4978E2-6F34-40FE-85CC-2B3C3EADE87B}.Release|x64.ActiveCfg = Release|x64
		{CF4978E2-6F34-40FE-85CC-2B3C3EADE87B}.Release|x64.Build.0 = Release|x64
		{CF4978E2-6F34-40FE-85CC-2B3C3EADE87B}.Release|x86.ActiveCfg = Release|Win32
		{CF4978E2-6F34-40FE-85CC-2B3C3EADE87B}.Release|x86.Build.0 = Release|Win32
	EndGlobalSection
	GlobalSection(SolutionProperties) = preSolution
		HideSolutionNode = FALSE
	EndGlobalSection
	GlobalSection(ExtensibilityGlobals) = postSolution
		SolutionGuid = {62A89348-E005-4193-BC10-1905CCE28633}
	EndGlobalSection
EndGlobal
