
Microsoft Visual Studio Solution File, Format Version 12.00
# Visual Studio 15
VisualStudioVersion = 15.0.27703.2047
MinimumVisualStudioVersion = 10.0.40219.1
Project("{8BC9CEB8-8B4A-11D0-8D11-00A0C91BC942}") = "ch.10, no.12", "ch.10, no.12\ch.10, no.12.vcxproj", "{BAC381DC-6919-47F5-9E21-0DF0371EAE65}"
EndProject
Global
	GlobalSection(SolutionConfigurationPlatforms) = preSolution
		Debug|x64 = Debug|x64
		Debug|x86 = Debug|x86
		Release|x64 = Release|x64
		Release|x86 = Release|x86
	EndGlobalSection
	GlobalSection(ProjectConfigurationPlatforms) = postSolution
		{BAC381DC-6919-47F5-9E21-0DF0371EAE65}.Debug|x64.ActiveCfg = Debug|x64
		{BAC381DC-6919-47F5-9E21-0DF0371EAE65}.Debug|x64.Build.0 = Debug|x64
		{BAC381DC-6919-47F5-9E21-0DF0371EAE65}.Debug|x86.ActiveCfg = Debug|Win32
		{BAC381DC-6919-47F5-9E21-0DF0371EAE65}.Debug|x86.Build.0 = Debug|Win32
		{BAC381DC-6919-47F5-9E21-0DF0371EAE65}.Release|x64.ActiveCfg = Release|x64
		{BAC381DC-6919-47F5-9E21-0DF0371EAE65}.Release|x64.Build.0 = Release|x64
		{BAC381DC-6919-47F5-9E21-0DF0371EAE65}.Release|x86.ActiveCfg = Release|Win32
		{BAC381DC-6919-47F5-9E21-0DF0371EAE65}.Release|x86.Build.0 = Release|Win32
	EndGlobalSection
	GlobalSection(SolutionProperties) = preSolution
		HideSolutionNode = FALSE
	EndGlobalSection
	GlobalSection(ExtensibilityGlobals) = postSolution
		SolutionGuid = {3D5FBE25-9395-4A03-B59C-BAB2A68C1A02}
	EndGlobalSection
EndGlobal
