
Microsoft Visual Studio Solution File, Format Version 12.00
# Visual Studio 15
VisualStudioVersion = 15.0.27703.2047
MinimumVisualStudioVersion = 10.0.40219.1
Project("{8BC9CEB8-8B4A-11D0-8D11-00A0C91BC942}") = "ch8, no.14", "ch8, no.14\ch8, no.14.vcxproj", "{774321FF-4635-49EF-8D75-65B4DD4AAC9E}"
EndProject
Global
	GlobalSection(SolutionConfigurationPlatforms) = preSolution
		Debug|x64 = Debug|x64
		Debug|x86 = Debug|x86
		Release|x64 = Release|x64
		Release|x86 = Release|x86
	EndGlobalSection
	GlobalSection(ProjectConfigurationPlatforms) = postSolution
		{774321FF-4635-49EF-8D75-65B4DD4AAC9E}.Debug|x64.ActiveCfg = Debug|x64
		{774321FF-4635-49EF-8D75-65B4DD4AAC9E}.Debug|x64.Build.0 = Debug|x64
		{774321FF-4635-49EF-8D75-65B4DD4AAC9E}.Debug|x86.ActiveCfg = Debug|Win32
		{774321FF-4635-49EF-8D75-65B4DD4AAC9E}.Debug|x86.Build.0 = Debug|Win32
		{774321FF-4635-49EF-8D75-65B4DD4AAC9E}.Release|x64.ActiveCfg = Release|x64
		{774321FF-4635-49EF-8D75-65B4DD4AAC9E}.Release|x64.Build.0 = Release|x64
		{774321FF-4635-49EF-8D75-65B4DD4AAC9E}.Release|x86.ActiveCfg = Release|Win32
		{774321FF-4635-49EF-8D75-65B4DD4AAC9E}.Release|x86.Build.0 = Release|Win32
	EndGlobalSection
	GlobalSection(SolutionProperties) = preSolution
		HideSolutionNode = FALSE
	EndGlobalSection
	GlobalSection(ExtensibilityGlobals) = postSolution
		SolutionGuid = {8334C1A8-7951-4996-B929-06A21F89849A}
	EndGlobalSection
EndGlobal
