
Microsoft Visual Studio Solution File, Format Version 12.00
# Visual Studio 15
VisualStudioVersion = 15.0.27703.2047
MinimumVisualStudioVersion = 10.0.40219.1
Project("{8BC9CEB8-8B4A-11D0-8D11-00A0C91BC942}") = "ch8, no.16", "ch8, no.16\ch8, no.16.vcxproj", "{BC09E87A-777E-4DB8-86CF-892D1A1E4D86}"
EndProject
Global
	GlobalSection(SolutionConfigurationPlatforms) = preSolution
		Debug|x64 = Debug|x64
		Debug|x86 = Debug|x86
		Release|x64 = Release|x64
		Release|x86 = Release|x86
	EndGlobalSection
	GlobalSection(ProjectConfigurationPlatforms) = postSolution
		{BC09E87A-777E-4DB8-86CF-892D1A1E4D86}.Debug|x64.ActiveCfg = Debug|x64
		{BC09E87A-777E-4DB8-86CF-892D1A1E4D86}.Debug|x64.Build.0 = Debug|x64
		{BC09E87A-777E-4DB8-86CF-892D1A1E4D86}.Debug|x86.ActiveCfg = Debug|Win32
		{BC09E87A-777E-4DB8-86CF-892D1A1E4D86}.Debug|x86.Build.0 = Debug|Win32
		{BC09E87A-777E-4DB8-86CF-892D1A1E4D86}.Release|x64.ActiveCfg = Release|x64
		{BC09E87A-777E-4DB8-86CF-892D1A1E4D86}.Release|x64.Build.0 = Release|x64
		{BC09E87A-777E-4DB8-86CF-892D1A1E4D86}.Release|x86.ActiveCfg = Release|Win32
		{BC09E87A-777E-4DB8-86CF-892D1A1E4D86}.Release|x86.Build.0 = Release|Win32
	EndGlobalSection
	GlobalSection(SolutionProperties) = preSolution
		HideSolutionNode = FALSE
	EndGlobalSection
	GlobalSection(ExtensibilityGlobals) = postSolution
		SolutionGuid = {F760CBCE-E7DC-423F-96B9-D59B0F108BD2}
	EndGlobalSection
EndGlobal
